
Microsoft Visual Studio Solution File, Format Version 12.00
# Visual Studio Version 17
VisualStudioVersion = 17.8.34330.188
MinimumVisualStudioVersion = 10.0.40219.1
Project("{FAE04EC0-301F-11D3-BF4B-00C04F79EFBC}") = "L56_WeaponsReport", "L56_WeaponsReport.csproj", "{3541FAA5-4AF2-401F-9558-6927CA14694E}"
EndProject
Global
	GlobalSection(SolutionConfigurationPlatforms) = preSolution
		Debug|Any CPU = Debug|Any CPU
		Release|Any CPU = Release|Any CPU
	EndGlobalSection
	GlobalSection(ProjectConfigurationPlatforms) = postSolution
		{3541FAA5-4AF2-401F-9558-6927CA14694E}.Debug|Any CPU.ActiveCfg = Debug|Any CPU
		{3541FAA5-4AF2-401F-9558-6927CA14694E}.Debug|Any CPU.Build.0 = Debug|Any CPU
		{3541FAA5-4AF2-401F-9558-6927CA14694E}.Release|Any CPU.ActiveCfg = Release|Any CPU
		{3541FAA5-4AF2-401F-9558-6927CA14694E}.Release|Any CPU.Build.0 = Release|Any CPU
	EndGlobalSection
	GlobalSection(SolutionProperties) = preSolution
		HideSolutionNode = FALSE
	EndGlobalSection
	GlobalSection(ExtensibilityGlobals) = postSolution
		SolutionGuid = {E93FA765-7F59-4BB1-AC9B-EE8B9B6D39F1}
	EndGlobalSection
EndGlobal
